
Microsoft Visual Studio Solution File, Format Version 12.00
# Visual Studio Version 16
VisualStudioVersion = 16.0.29009.5
MinimumVisualStudioVersion = 10.0.40219.1
Project("{FAE04EC0-301F-11D3-BF4B-00C04F79EFBC}") = "Discord Token Stealer", "Discord Token Stealer\Discord Token Stealer.csproj", "{2A89A908-50E2-4BA7-A548-24C921589C16}"
EndProject
Global
	GlobalSection(SolutionConfigurationPlatforms) = preSolution
		Debug|Any CPU = Debug|Any CPU
		Release|Any CPU = Release|Any CPU
	EndGlobalSection
	GlobalSection(ProjectConfigurationPlatforms) = postSolution
		{2A89A908-50E2-4BA7-A548-24C921589C16}.Debug|Any CPU.ActiveCfg = Debug|Any CPU
		{2A89A908-50E2-4BA7-A548-24C921589C16}.Debug|Any CPU.Build.0 = Debug|Any CPU
		{2A89A908-50E2-4BA7-A548-24C921589C16}.Release|Any CPU.ActiveCfg = Release|Any CPU
		{2A89A908-50E2-4BA7-A548-24C921589C16}.Release|Any CPU.Build.0 = Release|Any CPU
	EndGlobalSection
	GlobalSection(SolutionProperties) = preSolution
		HideSolutionNode = FALSE
	EndGlobalSection
	GlobalSection(ExtensibilityGlobals) = postSolution
		SolutionGuid = {3E600407-2793-404F-B7A5-DD804ECD9EC0}
	EndGlobalSection
EndGlobal
